
Microsoft Visual Studio Solution File, Format Version 12.00
# Visual Studio Version 17
VisualStudioVersion = 17.3.32825.248
MinimumVisualStudioVersion = 10.0.40219.1
Project("{9A19103F-16F7-4668-BE54-9A1E7A4F7556}") = "LibraryWPF", "LibraryWPF\LibraryWPF.csproj", "{71B45F27-DCA6-4FB4-89C9-36086D54B95E}"
EndProject
Project("{9A19103F-16F7-4668-BE54-9A1E7A4F7556}") = "SerializeDesLib", "SerializeDesLib\SerializeDesLib.csproj", "{190010FC-0A81-4842-801E-6EFE6EAA7064}"
EndProject
Project("{FAE04EC0-301F-11D3-BF4B-00C04F79EFBC}") = "StyleLib", "StyleLib\StyleLib.csproj", "{4C9056FB-B5C7-4991-BAA8-2B18A098AFD9}"
EndProject
Global
	GlobalSection(SolutionConfigurationPlatforms) = preSolution
		Debug|Any CPU = Debug|Any CPU
		Release|Any CPU = Release|Any CPU
	EndGlobalSection
	GlobalSection(ProjectConfigurationPlatforms) = postSolution
		{71B45F27-DCA6-4FB4-89C9-36086D54B95E}.Debug|Any CPU.ActiveCfg = Debug|Any CPU
		{71B45F27-DCA6-4FB4-89C9-36086D54B95E}.Debug|Any CPU.Build.0 = Debug|Any CPU
		{71B45F27-DCA6-4FB4-89C9-36086D54B95E}.Release|Any CPU.ActiveCfg = Release|Any CPU
		{71B45F27-DCA6-4FB4-89C9-36086D54B95E}.Release|Any CPU.Build.0 = Release|Any CPU
		{190010FC-0A81-4842-801E-6EFE6EAA7064}.Debug|Any CPU.ActiveCfg = Debug|Any CPU
		{190010FC-0A81-4842-801E-6EFE6EAA7064}.Debug|Any CPU.Build.0 = Debug|Any CPU
		{190010FC-0A81-4842-801E-6EFE6EAA7064}.Release|Any CPU.ActiveCfg = Release|Any CPU
		{190010FC-0A81-4842-801E-6EFE6EAA7064}.Release|Any CPU.Build.0 = Release|Any CPU
		{4C9056FB-B5C7-4991-BAA8-2B18A098AFD9}.Debug|Any CPU.ActiveCfg = Debug|Any CPU
		{4C9056FB-B5C7-4991-BAA8-2B18A098AFD9}.Debug|Any CPU.Build.0 = Debug|Any CPU
		{4C9056FB-B5C7-4991-BAA8-2B18A098AFD9}.Release|Any CPU.ActiveCfg = Release|Any CPU
		{4C9056FB-B5C7-4991-BAA8-2B18A098AFD9}.Release|Any CPU.Build.0 = Release|Any CPU
	EndGlobalSection
	GlobalSection(SolutionProperties) = preSolution
		HideSolutionNode = FALSE
	EndGlobalSection
	GlobalSection(ExtensibilityGlobals) = postSolution
		SolutionGuid = {7D78852C-D0D1-4DA0-9BF4-CB1365FEB515}
	EndGlobalSection
EndGlobal
